
Microsoft Visual Studio Solution File, Format Version 12.00
# Visual Studio Version 16
VisualStudioVersion = 16.0.29418.71
MinimumVisualStudioVersion = 10.0.40219.1
Project("{FAE04EC0-301F-11D3-BF4B-00C04F79EFBC}") = "ProtoService", "ProtoService\ProtoService.csproj", "{635F64C8-4840-423B-9D43-6E813A4BFFAA}"
EndProject
Project("{FAE04EC0-301F-11D3-BF4B-00C04F79EFBC}") = "ProtoService.Tests", "ProtoService.Tests\ProtoService.Tests.csproj", "{786F5FAD-D8B5-41A8-B99F-0EBDA1C42C31}"
EndProject
Project("{9A19103F-16F7-4668-BE54-9A1E7A4F7556}") = "ProtoBusiness", "ProtoBusiness\ProtoBusiness.csproj", "{923FF9CD-3608-4CD5-B867-DF62B64A55FB}"
EndProject
Project("{9A19103F-16F7-4668-BE54-9A1E7A4F7556}") = "ProtoEntity", "ProtoEntity\ProtoEntity.csproj", "{E64019FE-D810-4853-92A5-598864111AB4}"
EndProject
Global
	GlobalSection(SolutionConfigurationPlatforms) = preSolution
		Debug|Any CPU = Debug|Any CPU
		Release|Any CPU = Release|Any CPU
	EndGlobalSection
	GlobalSection(ProjectConfigurationPlatforms) = postSolution
		{635F64C8-4840-423B-9D43-6E813A4BFFAA}.Debug|Any CPU.ActiveCfg = Debug|Any CPU
		{635F64C8-4840-423B-9D43-6E813A4BFFAA}.Debug|Any CPU.Build.0 = Debug|Any CPU
		{635F64C8-4840-423B-9D43-6E813A4BFFAA}.Release|Any CPU.ActiveCfg = Release|Any CPU
		{635F64C8-4840-423B-9D43-6E813A4BFFAA}.Release|Any CPU.Build.0 = Release|Any CPU
		{786F5FAD-D8B5-41A8-B99F-0EBDA1C42C31}.Debug|Any CPU.ActiveCfg = Debug|Any CPU
		{786F5FAD-D8B5-41A8-B99F-0EBDA1C42C31}.Debug|Any CPU.Build.0 = Debug|Any CPU
		{786F5FAD-D8B5-41A8-B99F-0EBDA1C42C31}.Release|Any CPU.ActiveCfg = Release|Any CPU
		{786F5FAD-D8B5-41A8-B99F-0EBDA1C42C31}.Release|Any CPU.Build.0 = Release|Any CPU
		{923FF9CD-3608-4CD5-B867-DF62B64A55FB}.Debug|Any CPU.ActiveCfg = Debug|Any CPU
		{923FF9CD-3608-4CD5-B867-DF62B64A55FB}.Debug|Any CPU.Build.0 = Debug|Any CPU
		{923FF9CD-3608-4CD5-B867-DF62B64A55FB}.Release|Any CPU.ActiveCfg = Release|Any CPU
		{923FF9CD-3608-4CD5-B867-DF62B64A55FB}.Release|Any CPU.Build.0 = Release|Any CPU
		{E64019FE-D810-4853-92A5-598864111AB4}.Debug|Any CPU.ActiveCfg = Debug|Any CPU
		{E64019FE-D810-4853-92A5-598864111AB4}.Debug|Any CPU.Build.0 = Debug|Any CPU
		{E64019FE-D810-4853-92A5-598864111AB4}.Release|Any CPU.ActiveCfg = Release|Any CPU
		{E64019FE-D810-4853-92A5-598864111AB4}.Release|Any CPU.Build.0 = Release|Any CPU
	EndGlobalSection
	GlobalSection(SolutionProperties) = preSolution
		HideSolutionNode = FALSE
	EndGlobalSection
	GlobalSection(ExtensibilityGlobals) = postSolution
		SolutionGuid = {797E259B-52BE-4A32-803B-0D77505944EC}
	EndGlobalSection
EndGlobal
